
Microsoft Visual Studio Solution File, Format Version 12.00
# Visual Studio Version 16
VisualStudioVersion = 16.0.29215.179
MinimumVisualStudioVersion = 10.0.40219.1
Project("{FAE04EC0-301F-11D3-BF4B-00C04F79EFBC}") = "WebApplication13test", "WebApplication13test\WebApplication13test.csproj", "{8F94A7E1-9785-48E8-9D45-173173EB181A}"
EndProject
Project("{FAE04EC0-301F-11D3-BF4B-00C04F79EFBC}") = "WebApplication1", "..\WebApplication1\WebApplication1\WebApplication1.csproj", "{0587149B-C08B-450F-8B93-28DC84D9D4EF}"
EndProject
Project("{FAE04EC0-301F-11D3-BF4B-00C04F79EFBC}") = "WebApplication2", "..\WebApplication2\WebApplication2\WebApplication2.csproj", "{B6CFD2F9-0BF1-4DD7-83F1-7653889C8C90}"
EndProject
Global
	GlobalSection(SolutionConfigurationPlatforms) = preSolution
		Debug|Any CPU = Debug|Any CPU
		Release|Any CPU = Release|Any CPU
	EndGlobalSection
	GlobalSection(ProjectConfigurationPlatforms) = postSolution
		{8F94A7E1-9785-48E8-9D45-173173EB181A}.Debug|Any CPU.ActiveCfg = Debug|Any CPU
		{8F94A7E1-9785-48E8-9D45-173173EB181A}.Debug|Any CPU.Build.0 = Debug|Any CPU
		{8F94A7E1-9785-48E8-9D45-173173EB181A}.Release|Any CPU.ActiveCfg = Release|Any CPU
		{8F94A7E1-9785-48E8-9D45-173173EB181A}.Release|Any CPU.Build.0 = Release|Any CPU
		{0587149B-C08B-450F-8B93-28DC84D9D4EF}.Debug|Any CPU.ActiveCfg = Debug|Any CPU
		{0587149B-C08B-450F-8B93-28DC84D9D4EF}.Debug|Any CPU.Build.0 = Debug|Any CPU
		{0587149B-C08B-450F-8B93-28DC84D9D4EF}.Release|Any CPU.ActiveCfg = Release|Any CPU
		{0587149B-C08B-450F-8B93-28DC84D9D4EF}.Release|Any CPU.Build.0 = Release|Any CPU
		{B6CFD2F9-0BF1-4DD7-83F1-7653889C8C90}.Debug|Any CPU.ActiveCfg = Debug|Any CPU
		{B6CFD2F9-0BF1-4DD7-83F1-7653889C8C90}.Debug|Any CPU.Build.0 = Debug|Any CPU
		{B6CFD2F9-0BF1-4DD7-83F1-7653889C8C90}.Release|Any CPU.ActiveCfg = Release|Any CPU
		{B6CFD2F9-0BF1-4DD7-83F1-7653889C8C90}.Release|Any CPU.Build.0 = Release|Any CPU
	EndGlobalSection
	GlobalSection(SolutionProperties) = preSolution
		HideSolutionNode = FALSE
	EndGlobalSection
	GlobalSection(ExtensibilityGlobals) = postSolution
		SolutionGuid = {02A3466D-00CD-4CC6-A374-5D8CE422A413}
	EndGlobalSection
EndGlobal
